
Microsoft Visual Studio Solution File, Format Version 11.00
# Visual Studio 2010
Project("{FAE04EC0-301F-11D3-BF4B-00C04F79EFBC}") = "SharpGD.Core", "SharpGD.Core\SharpGD.Core.csproj", "{9B184B19-AA8B-495B-8022-15AFE0215622}"
EndProject
Project("{2150E333-8FDC-42A3-9474-1A3956D46DE8}") = "Solution Items", "Solution Items", "{0459CEA6-C916-4F75-8F53-3E145EAA0D13}"
	ProjectSection(SolutionItems) = preProject
		Local.testsettings = Local.testsettings
		SharpGD.vsmdi = SharpGD.vsmdi
		TraceAndTestImpact.testsettings = TraceAndTestImpact.testsettings
	EndProjectSection
EndProject
Project("{FAE04EC0-301F-11D3-BF4B-00C04F79EFBC}") = "SharpGD.Core.Tests", "SharpGD.Core.Tests\SharpGD.Core.Tests.csproj", "{DD39E2DB-E4E3-48F4-87D7-88FB2DB68B39}"
EndProject
Global
	GlobalSection(TestCaseManagementSettings) = postSolution
		CategoryFile = SharpGD.vsmdi
	EndGlobalSection
	GlobalSection(SolutionConfigurationPlatforms) = preSolution
		Debug|Any CPU = Debug|Any CPU
		Release|Any CPU = Release|Any CPU
	EndGlobalSection
	GlobalSection(ProjectConfigurationPlatforms) = postSolution
		{9B184B19-AA8B-495B-8022-15AFE0215622}.Debug|Any CPU.ActiveCfg = Debug|Any CPU
		{9B184B19-AA8B-495B-8022-15AFE0215622}.Debug|Any CPU.Build.0 = Debug|Any CPU
		{9B184B19-AA8B-495B-8022-15AFE0215622}.Release|Any CPU.ActiveCfg = Release|Any CPU
		{9B184B19-AA8B-495B-8022-15AFE0215622}.Release|Any CPU.Build.0 = Release|Any CPU
		{DD39E2DB-E4E3-48F4-87D7-88FB2DB68B39}.Debug|Any CPU.ActiveCfg = Debug|Any CPU
		{DD39E2DB-E4E3-48F4-87D7-88FB2DB68B39}.Debug|Any CPU.Build.0 = Debug|Any CPU
		{DD39E2DB-E4E3-48F4-87D7-88FB2DB68B39}.Release|Any CPU.ActiveCfg = Release|Any CPU
		{DD39E2DB-E4E3-48F4-87D7-88FB2DB68B39}.Release|Any CPU.Build.0 = Release|Any CPU
	EndGlobalSection
	GlobalSection(SolutionProperties) = preSolution
		HideSolutionNode = FALSE
	EndGlobalSection
EndGlobal
